// !$*UTF8*$!
{
	archiveVersion = 1;
	classes = {
	};
	objectVersion = 50;
	objects = {

/* Begin PBXBuildFile section */
		C499C1B824703AFB0079A3DE /* AppDelegate.swift in Sources */ = {isa = PBXBuildFile; fileRef = C499C1B724703AFB0079A3DE /* AppDelegate.swift */; };
		C499C1BA24703AFB0079A3DE /* GameScene.sks in Resources */ = {isa = PBXBuildFile; fileRef = C499C1B924703AFB0079A3DE /* GameScene.sks */; };
		C499C1BC24703AFB0079A3DE /* Actions.sks in Resources */ = {isa = PBXBuildFile; fileRef = C499C1BB24703AFB0079A3DE /* Actions.sks */; };
		C499C1BE24703AFB0079A3DE /* GameScene.swift in Sources */ = {isa = PBXBuildFile; fileRef = C499C1BD24703AFB0079A3DE /* GameScene.swift */; };
		C499C1C024703AFB0079A3DE /* ViewController.swift in Sources */ = {isa = PBXBuildFile; fileRef = C499C1BF24703AFB0079A3DE /* ViewController.swift */; };
		C499C1C224703AFD0079A3DE /* Assets.xcassets in Resources */ = {isa = PBXBuildFile; fileRef = C499C1C124703AFD0079A3DE /* Assets.xcassets */; };
		C499C1C524703AFD0079A3DE /* Main.storyboard in Resources */ = {isa = PBXBuildFile; fileRef = C499C1C324703AFD0079A3DE /* Main.storyboard */; };
/* End PBXBuildFile section */

/* Begin PBXFileReference section */
		C499C1B424703AFB0079A3DE /* Escape_Mac.app */ = {isa = PBXFileReference; explicitFileType = wrapper.application; includeInIndex = 0; path = Escape_Mac.app; sourceTree = BUILT_PRODUCTS_DIR; };
		C499C1B724703AFB0079A3DE /* AppDelegate.swift */ = {isa = PBXFileReference; lastKnownFileType = sourcecode.swift; path = AppDelegate.swift; sourceTree = "<group>"; };
		C499C1B924703AFB0079A3DE /* GameScene.sks */ = {isa = PBXFileReference; lastKnownFileType = file.sks; path = GameScene.sks; sourceTree = "<group>"; };
		C499C1BB24703AFB0079A3DE /* Actions.sks */ = {isa = PBXFileReference; lastKnownFileType = file.sks; path = Actions.sks; sourceTree = "<group>"; };
		C499C1BD24703AFB0079A3DE /* GameScene.swift */ = {isa = PBXFileReference; lastKnownFileType = sourcecode.swift; path = GameScene.swift; sourceTree = "<group>"; };
		C499C1BF24703AFB0079A3DE /* ViewController.swift */ = {isa = PBXFileReference; lastKnownFileType = sourcecode.swift; path = ViewController.swift; sourceTree = "<group>"; };
		C499C1C124703AFD0079A3DE /* Assets.xcassets */ = {isa = PBXFileReference; lastKnownFileType = folder.assetcatalog; path = Assets.xcassets; sourceTree = "<group>"; };
		C499C1C424703AFD0079A3DE /* Base */ = {isa = PBXFileReference; lastKnownFileType = file.storyboard; name = Base; path = Base.lproj/Main.storyboard; sourceTree = "<group>"; };
		C499C1C624703AFD0079A3DE /* Info.plist */ = {isa = PBXFileReference; lastKnownFileType = text.plist.xml; path = Info.plist; sourceTree = "<group>"; };
		C499C1C724703AFD0079A3DE /* Escape_Mac.entitlements */ = {isa = PBXFileReference; lastKnownFileType = text.plist.entitlements; path = Escape_Mac.entitlements; sourceTree = "<group>"; };
/* End PBXFileReference section */

/* Begin PBXFrameworksBuildPhase section */
		C499C1B124703AFB0079A3DE /* Frameworks */ = {
			isa = PBXFrameworksBuildPhase;
			buildActionMask = 2147483647;
			files = (
			);
			runOnlyForDeploymentPostprocessing = 0;
		};
/* End PBXFrameworksBuildPhase section */

/* Begin PBXGroup section */
		C499C1AB24703AFB0079A3DE = {
			isa = PBXGroup;
			children = (
				C499C1B624703AFB0079A3DE /* Escape_Mac */,
				C499C1B524703AFB0079A3DE /* Products */,
			);
			sourceTree = "<group>";
		};
		C499C1B524703AFB0079A3DE /* Products */ = {
			isa = PBXGroup;
			children = (
				C499C1B424703AFB0079A3DE /* Escape_Mac.app */,
			);
			name = Products;
			sourceTree = "<group>";
		};
		C499C1B624703AFB0079A3DE /* Escape_Mac */ = {
			isa = PBXGroup;
			children = (
				C499C1B724703AFB0079A3DE /* AppDelegate.swift */,
				C499C1B924703AFB0079A3DE /* GameScene.sks */,
				C499C1BB24703AFB0079A3DE /* Actions.sks */,
				C499C1BD24703AFB0079A3DE /* GameScene.swift */,
				C499C1BF24703AFB0079A3DE /* ViewController.swift */,
				C499C1C124703AFD0079A3DE /* Assets.xcassets */,
				C499C1C324703AFD0079A3DE /* Main.storyboard */,
				C499C1C624703AFD0079A3DE /* Info.plist */,
				C499C1C724703AFD0079A3DE /* Escape_Mac.entitlements */,
			);
			path = Escape_Mac;
			sourceTree = "<group>";
		};
/* End PBXGroup section */

/* Begin PBXNativeTarget section */
		C499C1B324703AFB0079A3DE /* Escape_Mac */ = {
			isa = PBXNativeTarget;
			buildConfigurationList = C499C1CA24703AFD0079A3DE /* Build configuration list for PBXNativeTarget "Escape_Mac" */;
			buildPhases = (
				C499C1B024703AFB0079A3DE /* Sources */,
				C499C1B124703AFB0079A3DE /* Frameworks */,
				C499C1B224703AFB0079A3DE /* Resources */,
			);
			buildRules = (
			);
			dependencies = (
			);
			name = Escape_Mac;
			productName = Escape_Mac;
			productReference = C499C1B424703AFB0079A3DE /* Escape_Mac.app */;
			productType = "com.apple.product-type.application";
		};
/* End PBXNativeTarget section */

/* Begin PBXProject section */
		C499C1AC24703AFB0079A3DE /* Project object */ = {
			isa = PBXProject;
			attributes = {
				LastSwiftUpdateCheck = 1140;
				LastUpgradeCheck = 1140;
				ORGANIZATIONNAME = "Nickson Kley Gonçalves Da Silva";
				TargetAttributes = {
					C499C1B324703AFB0079A3DE = {
						CreatedOnToolsVersion = 11.4.1;
					};
				};
			};
			buildConfigurationList = C499C1AF24703AFB0079A3DE /* Build configuration list for PBXProject "Escape_Mac" */;
			compatibilityVersion = "Xcode 9.3";
			developmentRegion = en;
			hasScannedForEncodings = 0;
			knownRegions = (
				en,
				Base,
			);
			mainGroup = C499C1AB24703AFB0079A3DE;
			productRefGroup = C499C1B524703AFB0079A3DE /* Products */;
			projectDirPath = "";
			projectRoot = "";
			targets = (
				C499C1B324703AFB0079A3DE /* Escape_Mac */,
			);
		};
/* End PBXProject section */

/* Begin PBXResourcesBuildPhase section */
		C499C1B224703AFB0079A3DE /* Resources */ = {
			isa = PBXResourcesBuildPhase;
			buildActionMask = 2147483647;
			files = (
				C499C1BA24703AFB0079A3DE /* GameScene.sks in Resources */,
				C499C1C224703AFD0079A3DE /* Assets.xcassets in Resources */,
				C499C1BC24703AFB0079A3DE /* Actions.sks in Resources */,
				C499C1C524703AFD0079A3DE /* Main.storyboard in Resources */,
			);
			runOnlyForDeploymentPostprocessing = 0;
		};
/* End PBXResourcesBuildPhase section */

/* Begin PBXSourcesBuildPhase section */
		C499C1B024703AFB0079A3DE /* Sources */ = {
			isa = PBXSourcesBuildPhase;
			buildActionMask = 2147483647;
			files = (
				C499C1C024703AFB0079A3DE /* ViewController.swift in Sources */,
				C499C1BE24703AFB0079A3DE /* GameScene.swift in Sources */,
				C499C1B824703AFB0079A3DE /* AppDelegate.swift in Sources */,
			);
			runOnlyForDeploymentPostprocessing = 0;
		};
/* End PBXSourcesBuildPhase section */

/* Begin PBXVariantGroup section */
		C499C1C324703AFD0079A3DE /* Main.storyboard */ = {
			isa = PBXVariantGroup;
			children = (
				C499C1C424703AFD0079A3DE /* Base */,
			);
			name = Main.storyboard;
			sourceTree = "<group>";
		};
/* End PBXVariantGroup section */

/* Begin XCBuildConfiguration section */
		C499C1C824703AFD0079A3DE /* Debug */ = {
			isa = XCBuildConfiguration;
			buildSettings = {
				ALWAYS_SEARCH_USER_PATHS = NO;
				CLANG_ANALYZER_NONNULL = YES;
				CLANG_ANALYZER_NUMBER_OBJECT_CONVERSION = YES_AGGRESSIVE;
				CLANG_CXX_LANGUAGE_STANDARD = "gnu++14";
				CLANG_CXX_LIBRARY = "libc++";
				CLANG_ENABLE_MODULES = YES;
				CLANG_ENABLE_OBJC_ARC = YES;
				CLANG_ENABLE_OBJC_WEAK = YES;
				CLANG_WARN_BLOCK_CAPTURE_AUTORELEASING = YES;
				CLANG_WARN_BOOL_CONVERSION = YES;
				CLANG_WARN_COMMA = YES;
				CLANG_WARN_CONSTANT_CONVERSION = YES;
				CLANG_WARN_DEPRECATED_OBJC_IMPLEMENTATIONS = YES;
				CLANG_WARN_DIRECT_OBJC_ISA_USAGE = YES_ERROR;
				CLANG_WARN_DOCUMENTATION_COMMENTS = YES;
				CLANG_WARN_EMPTY_BODY = YES;
				CLANG_WARN_ENUM_CONVERSION = YES;
				CLANG_WARN_INFINITE_RECURSION = YES;
				CLANG_WARN_INT_CONVERSION = YES;
				CLANG_WARN_NON_LITERAL_NULL_CONVERSION = YES;
				CLANG_WARN_OBJC_IMPLICIT_RETAIN_SELF = YES;
				CLANG_WARN_OBJC_LITERAL_CONVERSION = YES;
				CLANG_WARN_OBJC_ROOT_CLASS = YES_ERROR;
				CLANG_WARN_RANGE_LOOP_ANALYSIS = YES;
				CLANG_WARN_STRICT_PROTOTYPES = YES;
				CLANG_WARN_SUSPICIOUS_MOVE = YES;
				CLANG_WARN_UNGUARDED_AVAILABILITY = YES_AGGRESSIVE;
				CLANG_WARN_UNREACHABLE_CODE = YES;
				CLANG_WARN__DUPLICATE_METHOD_MATCH = YES;
				COPY_PHASE_STRIP = NO;
				DEBUG_INFORMATION_FORMAT = dwarf;
				ENABLE_STRICT_OBJC_MSGSEND = YES;
				ENABLE_TESTABILITY = YES;
				GCC_C_LANGUAGE_STANDARD = gnu11;
				GCC_DYNAMIC_NO_PIC = NO;
				GCC_NO_COMMON_BLOCKS = YES;
				GCC_OPTIMIZATION_LEVEL = 0;
				GCC_PREPROCESSOR_DEFINITIONS = (
					"DEBUG=1",
					"$(inherited)",
				);
				GCC_WARN_64_TO_32_BIT_CONVERSION = YES;
				GCC_WARN_ABOUT_RETURN_TYPE = YES_ERROR;
				GCC_WARN_UNDECLARED_SELECTOR = YES;
				GCC_WARN_UNINITIALIZED_AUTOS = YES_AGGRESSIVE;
				GCC_WARN_UNUSED_FUNCTION = YES;
				GCC_WARN_UNUSED_VARIABLE = YES;
				MACOSX_DEPLOYMENT_TARGET = 10.15;
				MTL_ENABLE_DEBUG_INFO = INCLUDE_SOURCE;
				MTL_FAST_MATH = YES;
				ONLY_ACTIVE_ARCH = YES;
				SDKROOT = macosx;
				SWIFT_ACTIVE_COMPILATION_CONDITIONS = DEBUG;
				SWIFT_OPTIMIZATION_LEVEL = "-Onone";
			};
			name = Debug;
		};
		C499C1C924703AFD0079A3DE /* Release */ = {
			isa = XCBuildConfiguration;
			buildSettings = {
				ALWAYS_SEARCH_USER_PATHS = NO;
				CLANG_ANALYZER_NONNULL = YES;
				CLANG_ANALYZER_NUMBER_OBJECT_CONVERSION = YES_AGGRESSIVE;
				CLANG_CXX_LANGUAGE_STANDARD = "gnu++14";
				CLANG_CXX_LIBRARY = "libc++";
				CLANG_ENABLE_MODULES = YES;
				CLANG_ENABLE_OBJC_ARC = YES;
				CLANG_ENABLE_OBJC_WEAK = YES;
				CLANG_WARN_BLOCK_CAPTURE_AUTORELEASING = YES;
				CLANG_WARN_BOOL_CONVERSION = YES;
				CLANG_WARN_COMMA = YES;
				CLANG_WARN_CONSTANT_CONVERSION = YES;
				CLANG_WARN_DEPRECATED_OBJC_IMPLEMENTATIONS = YES;
				CLANG_WARN_DIRECT_OBJC_ISA_USAGE = YES_ERROR;
				CLANG_WARN_DOCUMENTATION_COMMENTS = YES;
				CLANG_WARN_EMPTY_BODY = YES;
				CLANG_WARN_ENUM_CONVERSION = YES;
				CLANG_WARN_INFINITE_RECURSION = YES;
				CLANG_WARN_INT_CONVERSION = YES;
				CLANG_WARN_NON_LITERAL_NULL_CONVERSION = YES;
				CLANG_WARN_OBJC_IMPLICIT_RETAIN_SELF = YES;
				CLANG_WARN_OBJC_LITERAL_CONVERSION = YES;
				CLANG_WARN_OBJC_ROOT_CLASS = YES_ERROR;
				CLANG_WARN_RANGE_LOOP_ANALYSIS = YES;
				CLANG_WARN_STRICT_PROTOTYPES = YES;
				CLANG_WARN_SUSPICIOUS_MOVE = YES;
				CLANG_WARN_UNGUARDED_AVAILABILITY = YES_AGGRESSIVE;
				CLANG_WARN_UNREACHABLE_CODE = YES;
				CLANG_WARN__DUPLICATE_METHOD_MATCH = YES;
				COPY_PHASE_STRIP = NO;
				DEBUG_INFORMATION_FORMAT = "dwarf-with-dsym";
				ENABLE_NS_ASSERTIONS = NO;
				ENABLE_STRICT_OBJC_MSGSEND = YES;
				GCC_C_LANGUAGE_STANDARD = gnu11;
				GCC_NO_COMMON_BLOCKS = YES;
				GCC_WARN_64_TO_32_BIT_CONVERSION = YES;
				GCC_WARN_ABOUT_RETURN_TYPE = YES_ERROR;
				GCC_WARN_UNDECLARED_SELECTOR = YES;
				GCC_WARN_UNINITIALIZED_AUTOS = YES_AGGRESSIVE;
				GCC_WARN_UNUSED_FUNCTION = YES;
				GCC_WARN_UNUSED_VARIABLE = YES;
				MACOSX_DEPLOYMENT_TARGET = 10.15;
				MTL_ENABLE_DEBUG_INFO = NO;
				MTL_FAST_MATH = YES;
				SDKROOT = macosx;
				SWIFT_COMPILATION_MODE = wholemodule;
				SWIFT_OPTIMIZATION_LEVEL = "-O";
			};
			name = Release;
		};
		C499C1CB24703AFD0079A3DE /* Debug */ = {
			isa = XCBuildConfiguration;
			buildSettings = {
				ASSETCATALOG_COMPILER_APPICON_NAME = AppIcon;
				CODE_SIGN_ENTITLEMENTS = Escape_Mac/Escape_Mac.entitlements;
				CODE_SIGN_STYLE = Automatic;
				COMBINE_HIDPI_IMAGES = YES;
				DEVELOPMENT_TEAM = 3D55XU73LF;
				ENABLE_HARDENED_RUNTIME = YES;
				INFOPLIST_FILE = Escape_Mac/Info.plist;
				LD_RUNPATH_SEARCH_PATHS = (
					"$(inherited)",
					"@executable_path/../Frameworks",
				);
				PRODUCT_BUNDLE_IDENTIFIER = "kley.Nickson.Escape-Mac";
				PRODUCT_NAME = "$(TARGET_NAME)";
				SWIFT_VERSION = 5.0;
			};
			name = Debug;
		};
		C499C1CC24703AFD0079A3DE /* Release */ = {
			isa = XCBuildConfiguration;
			buildSettings = {
				ASSETCATALOG_COMPILER_APPICON_NAME = AppIcon;
				CODE_SIGN_ENTITLEMENTS = Escape_Mac/Escape_Mac.entitlements;
				CODE_SIGN_STYLE = Automatic;
				COMBINE_HIDPI_IMAGES = YES;
				DEVELOPMENT_TEAM = 3D55XU73LF;
				ENABLE_HARDENED_RUNTIME = YES;
				INFOPLIST_FILE = Escape_Mac/Info.plist;
				LD_RUNPATH_SEARCH_PATHS = (
					"$(inherited)",
					"@executable_path/../Frameworks",
				);
				PRODUCT_BUNDLE_IDENTIFIER = "kley.Nickson.Escape-Mac";
				PRODUCT_NAME = "$(TARGET_NAME)";
				SWIFT_VERSION = 5.0;
			};
			name = Release;
		};
/* End XCBuildConfiguration section */

/* Begin XCConfigurationList section */
		C499C1AF24703AFB0079A3DE /* Build configuration list for PBXProject "Escape_Mac" */ = {
			isa = XCConfigurationList;
			buildConfigurations = (
				C499C1C824703AFD0079A3DE /* Debug */,
				C499C1C924703AFD0079A3DE /* Release */,
			);
			defaultConfigurationIsVisible = 0;
			defaultConfigurationName = Release;
		};
		C499C1CA24703AFD0079A3DE /* Build configuration list for PBXNativeTarget "Escape_Mac" */ = {
			isa = XCConfigurationList;
			buildConfigurations = (
				C499C1CB24703AFD0079A3DE /* Debug */,
				C499C1CC24703AFD0079A3DE /* Release */,
			);
			defaultConfigurationIsVisible = 0;
			defaultConfigurationName = Release;
		};
/* End XCConfigurationList section */
	};
	rootObject = C499C1AC24703AFB0079A3DE /* Project object */;
}
